// !$*UTF8*$!
{
	archiveVersion = 1;
	classes = {
	};
	objectVersion = 55;
	objects = {

/* Begin PBXBuildFile section */
		D68CB17327C3732A005602BB /* AppDelegate.swift in Sources */ = {isa = PBXBuildFile; fileRef = D68CB17227C3732A005602BB /* AppDelegate.swift */; };
		D68CB17527C3732A005602BB /* SceneDelegate.swift in Sources */ = {isa = PBXBuildFile; fileRef = D68CB17427C3732A005602BB /* SceneDelegate.swift */; };
		D68CB17727C3732A005602BB /* ViewController.swift in Sources */ = {isa = PBXBuildFile; fileRef = D68CB17627C3732A005602BB /* ViewController.swift */; };
		D68CB17A27C3732A005602BB /* Main.storyboard in Resources */ = {isa = PBXBuildFile; fileRef = D68CB17827C3732A005602BB /* Main.storyboard */; };
		D68CB17C27C3732B005602BB /* Assets.xcassets in Resources */ = {isa = PBXBuildFile; fileRef = D68CB17B27C3732B005602BB /* Assets.xcassets */; };
		D68CB17F27C3732B005602BB /* LaunchScreen.storyboard in Resources */ = {isa = PBXBuildFile; fileRef = D68CB17D27C3732B005602BB /* LaunchScreen.storyboard */; };
		D68CB18727C37454005602BB /* XYZSpeechManager.swift in Sources */ = {isa = PBXBuildFile; fileRef = D68CB18627C37454005602BB /* XYZSpeechManager.swift */; };
		D68CB18A27C3834D005602BB /* XYZSpeech.swift in Sources */ = {isa = PBXBuildFile; fileRef = D68CB18927C3834D005602BB /* XYZSpeech.swift */; };
/* End PBXBuildFile section */

/* Begin PBXFileReference section */
		D68CB16F27C3732A005602BB /* XYZSpeechKit.app */ = {isa = PBXFileReference; explicitFileType = wrapper.application; includeInIndex = 0; path = XYZSpeechKit.app; sourceTree = BUILT_PRODUCTS_DIR; };
		D68CB17227C3732A005602BB /* AppDelegate.swift */ = {isa = PBXFileReference; lastKnownFileType = sourcecode.swift; path = AppDelegate.swift; sourceTree = "<group>"; };
		D68CB17427C3732A005602BB /* SceneDelegate.swift */ = {isa = PBXFileReference; lastKnownFileType = sourcecode.swift; path = SceneDelegate.swift; sourceTree = "<group>"; };
		D68CB17627C3732A005602BB /* ViewController.swift */ = {isa = PBXFileReference; lastKnownFileType = sourcecode.swift; path = ViewController.swift; sourceTree = "<group>"; };
		D68CB17927C3732A005602BB /* Base */ = {isa = PBXFileReference; lastKnownFileType = file.storyboard; name = Base; path = Base.lproj/Main.storyboard; sourceTree = "<group>"; };
		D68CB17B27C3732B005602BB /* Assets.xcassets */ = {isa = PBXFileReference; lastKnownFileType = folder.assetcatalog; path = Assets.xcassets; sourceTree = "<group>"; };
		D68CB17E27C3732B005602BB /* Base */ = {isa = PBXFileReference; lastKnownFileType = file.storyboard; name = Base; path = Base.lproj/LaunchScreen.storyboard; sourceTree = "<group>"; };
		D68CB18027C3732B005602BB /* Info.plist */ = {isa = PBXFileReference; lastKnownFileType = text.plist.xml; path = Info.plist; sourceTree = "<group>"; };
		D68CB18627C37454005602BB /* XYZSpeechManager.swift */ = {isa = PBXFileReference; lastKnownFileType = sourcecode.swift; path = XYZSpeechManager.swift; sourceTree = "<group>"; };
		D68CB18827C38319005602BB /* XYZSpeechKit.entitlements */ = {isa = PBXFileReference; lastKnownFileType = text.plist.entitlements; path = XYZSpeechKit.entitlements; sourceTree = "<group>"; };
		D68CB18927C3834D005602BB /* XYZSpeech.swift */ = {isa = PBXFileReference; fileEncoding = 4; lastKnownFileType = sourcecode.swift; path = XYZSpeech.swift; sourceTree = "<group>"; };
/* End PBXFileReference section */

/* Begin PBXFrameworksBuildPhase section */
		D68CB16C27C3732A005602BB /* Frameworks */ = {
			isa = PBXFrameworksBuildPhase;
			buildActionMask = 2147483647;
			files = (
			);
			runOnlyForDeploymentPostprocessing = 0;
		};
/* End PBXFrameworksBuildPhase section */

/* Begin PBXGroup section */
		D68CB16627C3732A005602BB = {
			isa = PBXGroup;
			children = (
				D68CB17127C3732A005602BB /* XYZSpeechKit */,
				D68CB17027C3732A005602BB /* Products */,
			);
			sourceTree = "<group>";
		};
		D68CB17027C3732A005602BB /* Products */ = {
			isa = PBXGroup;
			children = (
				D68CB16F27C3732A005602BB /* XYZSpeechKit.app */,
			);
			name = Products;
			sourceTree = "<group>";
		};
		D68CB17127C3732A005602BB /* XYZSpeechKit */ = {
			isa = PBXGroup;
			children = (
				D68CB18827C38319005602BB /* XYZSpeechKit.entitlements */,
				D68CB17227C3732A005602BB /* AppDelegate.swift */,
				D68CB17427C3732A005602BB /* SceneDelegate.swift */,
				D68CB17627C3732A005602BB /* ViewController.swift */,
				D68CB18B27C38821005602BB /* Classes */,
				D68CB17827C3732A005602BB /* Main.storyboard */,
				D68CB17B27C3732B005602BB /* Assets.xcassets */,
				D68CB17D27C3732B005602BB /* LaunchScreen.storyboard */,
				D68CB18027C3732B005602BB /* Info.plist */,
			);
			path = XYZSpeechKit;
			sourceTree = "<group>";
		};
		D68CB18B27C38821005602BB /* Classes */ = {
			isa = PBXGroup;
			children = (
				D68CB18627C37454005602BB /* XYZSpeechManager.swift */,
				D68CB18927C3834D005602BB /* XYZSpeech.swift */,
			);
			path = Classes;
			sourceTree = "<group>";
		};
/* End PBXGroup section */

/* Begin PBXNativeTarget section */
		D68CB16E27C3732A005602BB /* XYZSpeechKit */ = {
			isa = PBXNativeTarget;
			buildConfigurationList = D68CB18327C3732B005602BB /* Build configuration list for PBXNativeTarget "XYZSpeechKit" */;
			buildPhases = (
				D68CB16B27C3732A005602BB /* Sources */,
				D68CB16C27C3732A005602BB /* Frameworks */,
				D68CB16D27C3732A005602BB /* Resources */,
			);
			buildRules = (
			);
			dependencies = (
			);
			name = XYZSpeechKit;
			productName = XYZSpeechKit;
			productReference = D68CB16F27C3732A005602BB /* XYZSpeechKit.app */;
			productType = "com.apple.product-type.application";
		};
/* End PBXNativeTarget section */

/* Begin PBXProject section */
		D68CB16727C3732A005602BB /* Project object */ = {
			isa = PBXProject;
			attributes = {
				BuildIndependentTargetsInParallel = 1;
				LastSwiftUpdateCheck = 1320;
				LastUpgradeCheck = 1320;
				TargetAttributes = {
					D68CB16E27C3732A005602BB = {
						CreatedOnToolsVersion = 13.2.1;
					};
				};
			};
			buildConfigurationList = D68CB16A27C3732A005602BB /* Build configuration list for PBXProject "XYZSpeechKit" */;
			compatibilityVersion = "Xcode 13.0";
			developmentRegion = en;
			hasScannedForEncodings = 0;
			knownRegions = (
				en,
				Base,
			);
			mainGroup = D68CB16627C3732A005602BB;
			productRefGroup = D68CB17027C3732A005602BB /* Products */;
			projectDirPath = "";
			projectRoot = "";
			targets = (
				D68CB16E27C3732A005602BB /* XYZSpeechKit */,
			);
		};
/* End PBXProject section */

/* Begin PBXResourcesBuildPhase section */
		D68CB16D27C3732A005602BB /* Resources */ = {
			isa = PBXResourcesBuildPhase;
			buildActionMask = 2147483647;
			files = (
				D68CB17F27C3732B005602BB /* LaunchScreen.storyboard in Resources */,
				D68CB17C27C3732B005602BB /* Assets.xcassets in Resources */,
				D68CB17A27C3732A005602BB /* Main.storyboard in Resources */,
			);
			runOnlyForDeploymentPostprocessing = 0;
		};
/* End PBXResourcesBuildPhase section */

/* Begin PBXSourcesBuildPhase section */
		D68CB16B27C3732A005602BB /* Sources */ = {
			isa = PBXSourcesBuildPhase;
			buildActionMask = 2147483647;
			files = (
				D68CB17727C3732A005602BB /* ViewController.swift in Sources */,
				D68CB18A27C3834D005602BB /* XYZSpeech.swift in Sources */,
				D68CB17327C3732A005602BB /* AppDelegate.swift in Sources */,
				D68CB18727C37454005602BB /* XYZSpeechManager.swift in Sources */,
				D68CB17527C3732A005602BB /* SceneDelegate.swift in Sources */,
			);
			runOnlyForDeploymentPostprocessing = 0;
		};
/* End PBXSourcesBuildPhase section */

/* Begin PBXVariantGroup section */
		D68CB17827C3732A005602BB /* Main.storyboard */ = {
			isa = PBXVariantGroup;
			children = (
				D68CB17927C3732A005602BB /* Base */,
			);
			name = Main.storyboard;
			sourceTree = "<group>";
		};
		D68CB17D27C3732B005602BB /* LaunchScreen.storyboard */ = {
			isa = PBXVariantGroup;
			children = (
				D68CB17E27C3732B005602BB /* Base */,
			);
			name = LaunchScreen.storyboard;
			sourceTree = "<group>";
		};
/* End PBXVariantGroup section */

/* Begin XCBuildConfiguration section */
		D68CB18127C3732B005602BB /* Debug */ = {
			isa = XCBuildConfiguration;
			buildSettings = {
				ALWAYS_SEARCH_USER_PATHS = NO;
				CLANG_ANALYZER_NONNULL = YES;
				CLANG_ANALYZER_NUMBER_OBJECT_CONVERSION = YES_AGGRESSIVE;
				CLANG_CXX_LANGUAGE_STANDARD = "gnu++17";
				CLANG_CXX_LIBRARY = "libc++";
				CLANG_ENABLE_MODULES = YES;
				CLANG_ENABLE_OBJC_ARC = YES;
				CLANG_ENABLE_OBJC_WEAK = YES;
				CLANG_WARN_BLOCK_CAPTURE_AUTORELEASING = YES;
				CLANG_WARN_BOOL_CONVERSION = YES;
				CLANG_WARN_COMMA = YES;
				CLANG_WARN_CONSTANT_CONVERSION = YES;
				CLANG_WARN_DEPRECATED_OBJC_IMPLEMENTATIONS = YES;
				CLANG_WARN_DIRECT_OBJC_ISA_USAGE = YES_ERROR;
				CLANG_WARN_DOCUMENTATION_COMMENTS = YES;
				CLANG_WARN_EMPTY_BODY = YES;
				CLANG_WARN_ENUM_CONVERSION = YES;
				CLANG_WARN_INFINITE_RECURSION = YES;
				CLANG_WARN_INT_CONVERSION = YES;
				CLANG_WARN_NON_LITERAL_NULL_CONVERSION = YES;
				CLANG_WARN_OBJC_IMPLICIT_RETAIN_SELF = YES;
				CLANG_WARN_OBJC_LITERAL_CONVERSION = YES;
				CLANG_WARN_OBJC_ROOT_CLASS = YES_ERROR;
				CLANG_WARN_QUOTED_INCLUDE_IN_FRAMEWORK_HEADER = YES;
				CLANG_WARN_RANGE_LOOP_ANALYSIS = YES;
				CLANG_WARN_STRICT_PROTOTYPES = YES;
				CLANG_WARN_SUSPICIOUS_MOVE = YES;
				CLANG_WARN_UNGUARDED_AVAILABILITY = YES_AGGRESSIVE;
				CLANG_WARN_UNREACHABLE_CODE = YES;
				CLANG_WARN__DUPLICATE_METHOD_MATCH = YES;
				COPY_PHASE_STRIP = NO;
				DEBUG_INFORMATION_FORMAT = dwarf;
				ENABLE_STRICT_OBJC_MSGSEND = YES;
				ENABLE_TESTABILITY = YES;
				GCC_C_LANGUAGE_STANDARD = gnu11;
				GCC_DYNAMIC_NO_PIC = NO;
				GCC_NO_COMMON_BLOCKS = YES;
				GCC_OPTIMIZATION_LEVEL = 0;
				GCC_PREPROCESSOR_DEFINITIONS = (
					"DEBUG=1",
					"$(inherited)",
				);
				GCC_WARN_64_TO_32_BIT_CONVERSION = YES;
				GCC_WARN_ABOUT_RETURN_TYPE = YES_ERROR;
				GCC_WARN_UNDECLARED_SELECTOR = YES;
				GCC_WARN_UNINITIALIZED_AUTOS = YES_AGGRESSIVE;
				GCC_WARN_UNUSED_FUNCTION = YES;
				GCC_WARN_UNUSED_VARIABLE = YES;
				IPHONEOS_DEPLOYMENT_TARGET = 13.0;
				MTL_ENABLE_DEBUG_INFO = INCLUDE_SOURCE;
				MTL_FAST_MATH = YES;
				ONLY_ACTIVE_ARCH = YES;
				SDKROOT = iphoneos;
				SWIFT_ACTIVE_COMPILATION_CONDITIONS = DEBUG;
				SWIFT_OPTIMIZATION_LEVEL = "-Onone";
			};
			name = Debug;
		};
		D68CB18227C3732B005602BB /* Release */ = {
			isa = XCBuildConfiguration;
			buildSettings = {
				ALWAYS_SEARCH_USER_PATHS = NO;
				CLANG_ANALYZER_NONNULL = YES;
				CLANG_ANALYZER_NUMBER_OBJECT_CONVERSION = YES_AGGRESSIVE;
				CLANG_CXX_LANGUAGE_STANDARD = "gnu++17";
				CLANG_CXX_LIBRARY = "libc++";
				CLANG_ENABLE_MODULES = YES;
				CLANG_ENABLE_OBJC_ARC = YES;
				CLANG_ENABLE_OBJC_WEAK = YES;
				CLANG_WARN_BLOCK_CAPTURE_AUTORELEASING = YES;
				CLANG_WARN_BOOL_CONVERSION = YES;
				CLANG_WARN_COMMA = YES;
				CLANG_WARN_CONSTANT_CONVERSION = YES;
				CLANG_WARN_DEPRECATED_OBJC_IMPLEMENTATIONS = YES;
				CLANG_WARN_DIRECT_OBJC_ISA_USAGE = YES_ERROR;
				CLANG_WARN_DOCUMENTATION_COMMENTS = YES;
				CLANG_WARN_EMPTY_BODY = YES;
				CLANG_WARN_ENUM_CONVERSION = YES;
				CLANG_WARN_INFINITE_RECURSION = YES;
				CLANG_WARN_INT_CONVERSION = YES;
				CLANG_WARN_NON_LITERAL_NULL_CONVERSION = YES;
				CLANG_WARN_OBJC_IMPLICIT_RETAIN_SELF = YES;
				CLANG_WARN_OBJC_LITERAL_CONVERSION = YES;
				CLANG_WARN_OBJC_ROOT_CLASS = YES_ERROR;
				CLANG_WARN_QUOTED_INCLUDE_IN_FRAMEWORK_HEADER = YES;
				CLANG_WARN_RANGE_LOOP_ANALYSIS = YES;
				CLANG_WARN_STRICT_PROTOTYPES = YES;
				CLANG_WARN_SUSPICIOUS_MOVE = YES;
				CLANG_WARN_UNGUARDED_AVAILABILITY = YES_AGGRESSIVE;
				CLANG_WARN_UNREACHABLE_CODE = YES;
				CLANG_WARN__DUPLICATE_METHOD_MATCH = YES;
				COPY_PHASE_STRIP = NO;
				DEBUG_INFORMATION_FORMAT = "dwarf-with-dsym";
				ENABLE_NS_ASSERTIONS = NO;
				ENABLE_STRICT_OBJC_MSGSEND = YES;
				GCC_C_LANGUAGE_STANDARD = gnu11;
				GCC_NO_COMMON_BLOCKS = YES;
				GCC_WARN_64_TO_32_BIT_CONVERSION = YES;
				GCC_WARN_ABOUT_RETURN_TYPE = YES_ERROR;
				GCC_WARN_UNDECLARED_SELECTOR = YES;
				GCC_WARN_UNINITIALIZED_AUTOS = YES_AGGRESSIVE;
				GCC_WARN_UNUSED_FUNCTION = YES;
				GCC_WARN_UNUSED_VARIABLE = YES;
				IPHONEOS_DEPLOYMENT_TARGET = 13.0;
				MTL_ENABLE_DEBUG_INFO = NO;
				MTL_FAST_MATH = YES;
				SDKROOT = iphoneos;
				SWIFT_COMPILATION_MODE = wholemodule;
				SWIFT_OPTIMIZATION_LEVEL = "-O";
				VALIDATE_PRODUCT = YES;
			};
			name = Release;
		};
		D68CB18427C3732B005602BB /* Debug */ = {
			isa = XCBuildConfiguration;
			buildSettings = {
				ASSETCATALOG_COMPILER_APPICON_NAME = AppIcon;
				ASSETCATALOG_COMPILER_GLOBAL_ACCENT_COLOR_NAME = AccentColor;
				CODE_SIGN_ENTITLEMENTS = XYZSpeechKit/XYZSpeechKit.entitlements;
				CODE_SIGN_STYLE = Automatic;
				CURRENT_PROJECT_VERSION = 1;
				DEVELOPMENT_TEAM = 9GZYHL8TWB;
				GENERATE_INFOPLIST_FILE = YES;
				INFOPLIST_FILE = XYZSpeechKit/Info.plist;
				INFOPLIST_KEY_UIApplicationSupportsIndirectInputEvents = YES;
				INFOPLIST_KEY_UILaunchStoryboardName = LaunchScreen;
				INFOPLIST_KEY_UIMainStoryboardFile = Main;
				INFOPLIST_KEY_UISupportedInterfaceOrientations_iPad = "UIInterfaceOrientationPortrait UIInterfaceOrientationPortraitUpsideDown UIInterfaceOrientationLandscapeLeft UIInterfaceOrientationLandscapeRight";
				INFOPLIST_KEY_UISupportedInterfaceOrientations_iPhone = "UIInterfaceOrientationPortrait UIInterfaceOrientationLandscapeLeft UIInterfaceOrientationLandscapeRight";
				IPHONEOS_DEPLOYMENT_TARGET = 13.0;
				LD_RUNPATH_SEARCH_PATHS = (
					"$(inherited)",
					"@executable_path/Frameworks",
				);
				MARKETING_VERSION = 1.0;
				PRODUCT_BUNDLE_IDENTIFIER = com.xyztech.XYZSpeechKit;
				PRODUCT_NAME = "$(TARGET_NAME)";
				SUPPORTS_MACCATALYST = NO;
				SWIFT_EMIT_LOC_STRINGS = YES;
				SWIFT_VERSION = 5.0;
				TARGETED_DEVICE_FAMILY = "1,2";
			};
			name = Debug;
		};
		D68CB18527C3732B005602BB /* Release */ = {
			isa = XCBuildConfiguration;
			buildSettings = {
				ASSETCATALOG_COMPILER_APPICON_NAME = AppIcon;
				ASSETCATALOG_COMPILER_GLOBAL_ACCENT_COLOR_NAME = AccentColor;
				CODE_SIGN_ENTITLEMENTS = XYZSpeechKit/XYZSpeechKit.entitlements;
				CODE_SIGN_STYLE = Automatic;
				CURRENT_PROJECT_VERSION = 1;
				DEVELOPMENT_TEAM = 9GZYHL8TWB;
				GENERATE_INFOPLIST_FILE = YES;
				INFOPLIST_FILE = XYZSpeechKit/Info.plist;
				INFOPLIST_KEY_UIApplicationSupportsIndirectInputEvents = YES;
				INFOPLIST_KEY_UILaunchStoryboardName = LaunchScreen;
				INFOPLIST_KEY_UIMainStoryboardFile = Main;
				INFOPLIST_KEY_UISupportedInterfaceOrientations_iPad = "UIInterfaceOrientationPortrait UIInterfaceOrientationPortraitUpsideDown UIInterfaceOrientationLandscapeLeft UIInterfaceOrientationLandscapeRight";
				INFOPLIST_KEY_UISupportedInterfaceOrientations_iPhone = "UIInterfaceOrientationPortrait UIInterfaceOrientationLandscapeLeft UIInterfaceOrientationLandscapeRight";
				IPHONEOS_DEPLOYMENT_TARGET = 13.0;
				LD_RUNPATH_SEARCH_PATHS = (
					"$(inherited)",
					"@executable_path/Frameworks",
				);
				MARKETING_VERSION = 1.0;
				PRODUCT_BUNDLE_IDENTIFIER = com.xyztech.XYZSpeechKit;
				PRODUCT_NAME = "$(TARGET_NAME)";
				SUPPORTS_MACCATALYST = NO;
				SWIFT_EMIT_LOC_STRINGS = YES;
				SWIFT_VERSION = 5.0;
				TARGETED_DEVICE_FAMILY = "1,2";
			};
			name = Release;
		};
/* End XCBuildConfiguration section */

/* Begin XCConfigurationList section */
		D68CB16A27C3732A005602BB /* Build configuration list for PBXProject "XYZSpeechKit" */ = {
			isa = XCConfigurationList;
			buildConfigurations = (
				D68CB18127C3732B005602BB /* Debug */,
				D68CB18227C3732B005602BB /* Release */,
			);
			defaultConfigurationIsVisible = 0;
			defaultConfigurationName = Release;
		};
		D68CB18327C3732B005602BB /* Build configuration list for PBXNativeTarget "XYZSpeechKit" */ = {
			isa = XCConfigurationList;
			buildConfigurations = (
				D68CB18427C3732B005602BB /* Debug */,
				D68CB18527C3732B005602BB /* Release */,
			);
			defaultConfigurationIsVisible = 0;
			defaultConfigurationName = Release;
		};
/* End XCConfigurationList section */
	};
	rootObject = D68CB16727C3732A005602BB /* Project object */;
}
